
Microsoft Visual Studio Solution File, Format Version 12.00
# Visual Studio 2013
VisualStudioVersion = 12.0.0.0
MinimumVisualStudioVersion = 10.0.0.1
Project("{FAE04EC0-301F-11D3-BF4B-00C04F79EFBC}") = "Transporter.Core", "Transporter.Core\Transporter.Core.csproj", "{D3916B18-B1E5-44F4-BA8E-7D8DD0B47255}"
EndProject
Project("{FAE04EC0-301F-11D3-BF4B-00C04F79EFBC}") = "Transporter.Infrastructure", "Transporter.Infrastructure\Transporter.Infrastructure.csproj", "{78179344-313E-4A09-9B63-BACF1A45E15D}"
EndProject
Project("{FAE04EC0-301F-11D3-BF4B-00C04F79EFBC}") = "Transporter.Api", "Transporter.Api\Transporter.Api.csproj", "{A0E4BF0D-AB3F-4E04-B0BD-2574AC3D9F03}"
EndProject
Project("{FAE04EC0-301F-11D3-BF4B-00C04F79EFBC}") = "Transporter.Tests", "Transporter.Tests\Transporter.Tests.csproj", "{9682F85B-F1CA-4D6C-9695-D6C10C538932}"
EndProject
Project("{FAE04EC0-301F-11D3-BF4B-00C04F79EFBC}") = "Transporter.Tests.EndToEnd", "Transporter.Tests.EndToEnd\Transporter.Tests.EndToEnd.csproj", "{E12CF4BF-DB76-47D4-9EA9-4AFD1904C0DF}"
EndProject
Global
	GlobalSection(SolutionConfigurationPlatforms) = preSolution
		Debug|Any CPU = Debug|Any CPU
		Release|Any CPU = Release|Any CPU
	EndGlobalSection
	GlobalSection(ProjectConfigurationPlatforms) = postSolution
		{D3916B18-B1E5-44F4-BA8E-7D8DD0B47255}.Debug|Any CPU.ActiveCfg = Debug|Any CPU
		{D3916B18-B1E5-44F4-BA8E-7D8DD0B47255}.Debug|Any CPU.Build.0 = Debug|Any CPU
		{D3916B18-B1E5-44F4-BA8E-7D8DD0B47255}.Release|Any CPU.ActiveCfg = Release|Any CPU
		{D3916B18-B1E5-44F4-BA8E-7D8DD0B47255}.Release|Any CPU.Build.0 = Release|Any CPU
		{78179344-313E-4A09-9B63-BACF1A45E15D}.Debug|Any CPU.ActiveCfg = Debug|Any CPU
		{78179344-313E-4A09-9B63-BACF1A45E15D}.Debug|Any CPU.Build.0 = Debug|Any CPU
		{78179344-313E-4A09-9B63-BACF1A45E15D}.Release|Any CPU.ActiveCfg = Release|Any CPU
		{78179344-313E-4A09-9B63-BACF1A45E15D}.Release|Any CPU.Build.0 = Release|Any CPU
		{A0E4BF0D-AB3F-4E04-B0BD-2574AC3D9F03}.Debug|Any CPU.ActiveCfg = Debug|Any CPU
		{A0E4BF0D-AB3F-4E04-B0BD-2574AC3D9F03}.Debug|Any CPU.Build.0 = Debug|Any CPU
		{A0E4BF0D-AB3F-4E04-B0BD-2574AC3D9F03}.Release|Any CPU.ActiveCfg = Release|Any CPU
		{A0E4BF0D-AB3F-4E04-B0BD-2574AC3D9F03}.Release|Any CPU.Build.0 = Release|Any CPU
		{9682F85B-F1CA-4D6C-9695-D6C10C538932}.Debug|Any CPU.ActiveCfg = Debug|Any CPU
		{9682F85B-F1CA-4D6C-9695-D6C10C538932}.Debug|Any CPU.Build.0 = Debug|Any CPU
		{9682F85B-F1CA-4D6C-9695-D6C10C538932}.Release|Any CPU.ActiveCfg = Release|Any CPU
		{9682F85B-F1CA-4D6C-9695-D6C10C538932}.Release|Any CPU.Build.0 = Release|Any CPU
		{E12CF4BF-DB76-47D4-9EA9-4AFD1904C0DF}.Debug|Any CPU.ActiveCfg = Debug|Any CPU
		{E12CF4BF-DB76-47D4-9EA9-4AFD1904C0DF}.Debug|Any CPU.Build.0 = Debug|Any CPU
		{E12CF4BF-DB76-47D4-9EA9-4AFD1904C0DF}.Release|Any CPU.ActiveCfg = Release|Any CPU
		{E12CF4BF-DB76-47D4-9EA9-4AFD1904C0DF}.Release|Any CPU.Build.0 = Release|Any CPU
	EndGlobalSection
	GlobalSection(SolutionProperties) = preSolution
		HideSolutionNode = FALSE
	EndGlobalSection
EndGlobal
